<?xml version="1.0" encoding="utf-8"?>
<Project ToolsVersion="4.0" xmlns="http://schemas.microsoft.com/developer/msbuild/2003">
  <ItemGroup>
    <Filter Include="Resource Files">
      <UniqueIdentifier>{67DA6AB6-F800-4c08-8B7A-83BB121AAD01}</UniqueIdentifier>
      <Extensions>rc;ico;cur;bmp;dlg;rc2;rct;bin;rgs;gif;jpg;jpeg;jpe;resx;tiff;tif;png;wav;mfcribbon-ms</Extensions>
    </Filter>
    <Filter Include="src">
      <UniqueIdentifier>{3c751af9-24a9-46f9-941f-c6e177b72a8f}</UniqueIdentifier>
    </Filter>
    <Filter Include="inc">
      <UniqueIdentifier>{4f37abcc-6621-47f3-97c7-950ef5ff9f4c}</UniqueIdentifier>
    </Filter>
  </ItemGroup>
  <ItemGroup>
    <ClCompile Include="main.cpp" />
    <ClCompile Include="src\AppRunner.cpp">
      <Filter>src</Filter>
    </ClCompile>
    <ClCompile Include="src\DebugUI.cpp">
      <Filter>src</Filter>
    </ClCompile>
    <ClCompile Include="src\InputHandler.cpp">
      <Filter>src</Filter>
    </ClCompile>
    <ClCompile Include="src\DebugManager.cpp">
      <Filter>src</Filter>
    </ClCompile>
  </ItemGroup>
  <ItemGroup>
    <ClInclude Include="inc\AppRunner.h">
      <Filter>inc</Filter>
    </ClInclude>
    <ClInclude Include="inc\DebugUI.h">
      <Filter>inc</Filter>
    </ClInclude>
    <ClInclude Include="inc\InputHandler.h">
      <Filter>inc</Filter>
    </ClInclude>
    <ClInclude Include="inc\RaySnapshot.h">
      <Filter>inc</Filter>
    </ClInclude>
    <ClInclude Include="inc\DebugContext.h">
      <Filter>inc</Filter>
    </ClInclude>
    <ClInclude Include="inc\DebugManager.h">
      <Filter>inc</Filter>
    </ClInclude>
  </ItemGroup>
</Project>