<?xml version="1.0" encoding="utf-8"?>
<Project ToolsVersion="4.0" xmlns="http://schemas.microsoft.com/developer/msbuild/2003">
  <ItemGroup>
    <Filter Include="inc">
      <UniqueIdentifier>{bdd5f348-b17a-42b0-a7b3-305b5c877d1b}</UniqueIdentifier>
    </Filter>
    <Filter Include="src">
      <UniqueIdentifier>{f5cfacce-0494-4f33-9c16-1bd463dbf72c}</UniqueIdentifier>
    </Filter>
  </ItemGroup>
  <ItemGroup>
    <ClCompile Include="placeholder.cpp">
      <Filter>src</Filter>
    </ClCompile>
  </ItemGroup>
</Project>